// !$*UTF8*$!
{
	archiveVersion = 1;
	classes = {
	};
	objectVersion = 56;
	objects = {

/* Begin PBXBuildFile section */
		BA5315862A4C1059003A0055 /* AppDelegate.swift in Sources */ = {isa = PBXBuildFile; fileRef = BA5315852A4C1059003A0055 /* AppDelegate.swift */; };
		BA5315882A4C1059003A0055 /* SceneDelegate.swift in Sources */ = {isa = PBXBuildFile; fileRef = BA5315872A4C1059003A0055 /* SceneDelegate.swift */; };
		BA53158A2A4C1059003A0055 /* ViewController.swift in Sources */ = {isa = PBXBuildFile; fileRef = BA5315892A4C1059003A0055 /* ViewController.swift */; };
		BA53158D2A4C1059003A0055 /* Main.storyboard in Resources */ = {isa = PBXBuildFile; fileRef = BA53158B2A4C1059003A0055 /* Main.storyboard */; };
		BA53158F2A4C105C003A0055 /* Assets.xcassets in Resources */ = {isa = PBXBuildFile; fileRef = BA53158E2A4C105C003A0055 /* Assets.xcassets */; };
		BA5315922A4C105C003A0055 /* LaunchScreen.storyboard in Resources */ = {isa = PBXBuildFile; fileRef = BA5315902A4C105C003A0055 /* LaunchScreen.storyboard */; };
		BA53159A2A4C113A003A0055 /* GamesTableViewCell.swift in Sources */ = {isa = PBXBuildFile; fileRef = BA5315992A4C113A003A0055 /* GamesTableViewCell.swift */; };
		BA53159C2A4C1F88003A0055 /* APICaller.swift in Sources */ = {isa = PBXBuildFile; fileRef = BA53159B2A4C1F88003A0055 /* APICaller.swift */; };
		BA53159E2A4C2157003A0055 /* GameInfoModel.swift in Sources */ = {isa = PBXBuildFile; fileRef = BA53159D2A4C2157003A0055 /* GameInfoModel.swift */; };
		BA5315A02A4C2727003A0055 /* DataResponse.swift in Sources */ = {isa = PBXBuildFile; fileRef = BA53159F2A4C2727003A0055 /* DataResponse.swift */; };
		BA5315A22A4C29D8003A0055 /* SteamGamesViewModel.swift in Sources */ = {isa = PBXBuildFile; fileRef = BA5315A12A4C29D8003A0055 /* SteamGamesViewModel.swift */; };
/* End PBXBuildFile section */

/* Begin PBXFileReference section */
		BA5315822A4C1059003A0055 /* SteamDiscountsTracker.app */ = {isa = PBXFileReference; explicitFileType = wrapper.application; includeInIndex = 0; path = SteamDiscountsTracker.app; sourceTree = BUILT_PRODUCTS_DIR; };
		BA5315852A4C1059003A0055 /* AppDelegate.swift */ = {isa = PBXFileReference; lastKnownFileType = sourcecode.swift; path = AppDelegate.swift; sourceTree = "<group>"; };
		BA5315872A4C1059003A0055 /* SceneDelegate.swift */ = {isa = PBXFileReference; lastKnownFileType = sourcecode.swift; path = SceneDelegate.swift; sourceTree = "<group>"; };
		BA5315892A4C1059003A0055 /* ViewController.swift */ = {isa = PBXFileReference; lastKnownFileType = sourcecode.swift; path = ViewController.swift; sourceTree = "<group>"; };
		BA53158C2A4C1059003A0055 /* Base */ = {isa = PBXFileReference; lastKnownFileType = file.storyboard; name = Base; path = Base.lproj/Main.storyboard; sourceTree = "<group>"; };
		BA53158E2A4C105C003A0055 /* Assets.xcassets */ = {isa = PBXFileReference; lastKnownFileType = folder.assetcatalog; path = Assets.xcassets; sourceTree = "<group>"; };
		BA5315912A4C105C003A0055 /* Base */ = {isa = PBXFileReference; lastKnownFileType = file.storyboard; name = Base; path = Base.lproj/LaunchScreen.storyboard; sourceTree = "<group>"; };
		BA5315932A4C105C003A0055 /* Info.plist */ = {isa = PBXFileReference; lastKnownFileType = text.plist.xml; path = Info.plist; sourceTree = "<group>"; };
		BA5315992A4C113A003A0055 /* GamesTableViewCell.swift */ = {isa = PBXFileReference; lastKnownFileType = sourcecode.swift; path = GamesTableViewCell.swift; sourceTree = "<group>"; };
		BA53159B2A4C1F88003A0055 /* APICaller.swift */ = {isa = PBXFileReference; lastKnownFileType = sourcecode.swift; path = APICaller.swift; sourceTree = "<group>"; };
		BA53159D2A4C2157003A0055 /* GameInfoModel.swift */ = {isa = PBXFileReference; lastKnownFileType = sourcecode.swift; path = GameInfoModel.swift; sourceTree = "<group>"; };
		BA53159F2A4C2727003A0055 /* DataResponse.swift */ = {isa = PBXFileReference; lastKnownFileType = sourcecode.swift; path = DataResponse.swift; sourceTree = "<group>"; };
		BA5315A12A4C29D8003A0055 /* SteamGamesViewModel.swift */ = {isa = PBXFileReference; lastKnownFileType = sourcecode.swift; path = SteamGamesViewModel.swift; sourceTree = "<group>"; };
/* End PBXFileReference section */

/* Begin PBXFrameworksBuildPhase section */
		BA53157F2A4C1059003A0055 /* Frameworks */ = {
			isa = PBXFrameworksBuildPhase;
			buildActionMask = 2147483647;
			files = (
			);
			runOnlyForDeploymentPostprocessing = 0;
		};
/* End PBXFrameworksBuildPhase section */

/* Begin PBXGroup section */
		BA5315792A4C1059003A0055 = {
			isa = PBXGroup;
			children = (
				BA5315842A4C1059003A0055 /* SteamDiscountsTracker */,
				BA5315832A4C1059003A0055 /* Products */,
			);
			sourceTree = "<group>";
		};
		BA5315832A4C1059003A0055 /* Products */ = {
			isa = PBXGroup;
			children = (
				BA5315822A4C1059003A0055 /* SteamDiscountsTracker.app */,
			);
			name = Products;
			sourceTree = "<group>";
		};
		BA5315842A4C1059003A0055 /* SteamDiscountsTracker */ = {
			isa = PBXGroup;
			children = (
				BA5315852A4C1059003A0055 /* AppDelegate.swift */,
				BA5315872A4C1059003A0055 /* SceneDelegate.swift */,
				BA5315892A4C1059003A0055 /* ViewController.swift */,
				BA53158B2A4C1059003A0055 /* Main.storyboard */,
				BA53158E2A4C105C003A0055 /* Assets.xcassets */,
				BA5315902A4C105C003A0055 /* LaunchScreen.storyboard */,
				BA5315932A4C105C003A0055 /* Info.plist */,
				BA5315992A4C113A003A0055 /* GamesTableViewCell.swift */,
				BA53159B2A4C1F88003A0055 /* APICaller.swift */,
				BA53159D2A4C2157003A0055 /* GameInfoModel.swift */,
				BA53159F2A4C2727003A0055 /* DataResponse.swift */,
				BA5315A12A4C29D8003A0055 /* SteamGamesViewModel.swift */,
			);
			path = SteamDiscountsTracker;
			sourceTree = "<group>";
		};
/* End PBXGroup section */

/* Begin PBXNativeTarget section */
		BA5315812A4C1059003A0055 /* SteamDiscountsTracker */ = {
			isa = PBXNativeTarget;
			buildConfigurationList = BA5315962A4C105C003A0055 /* Build configuration list for PBXNativeTarget "SteamDiscountsTracker" */;
			buildPhases = (
				BA53157E2A4C1059003A0055 /* Sources */,
				BA53157F2A4C1059003A0055 /* Frameworks */,
				BA5315802A4C1059003A0055 /* Resources */,
			);
			buildRules = (
			);
			dependencies = (
			);
			name = SteamDiscountsTracker;
			productName = SteamDiscountsTracker;
			productReference = BA5315822A4C1059003A0055 /* SteamDiscountsTracker.app */;
			productType = "com.apple.product-type.application";
		};
/* End PBXNativeTarget section */

/* Begin PBXProject section */
		BA53157A2A4C1059003A0055 /* Project object */ = {
			isa = PBXProject;
			attributes = {
				BuildIndependentTargetsInParallel = 1;
				LastSwiftUpdateCheck = 1430;
				LastUpgradeCheck = 1430;
				TargetAttributes = {
					BA5315812A4C1059003A0055 = {
						CreatedOnToolsVersion = 14.3;
					};
				};
			};
			buildConfigurationList = BA53157D2A4C1059003A0055 /* Build configuration list for PBXProject "SteamDiscountsTracker" */;
			compatibilityVersion = "Xcode 14.0";
			developmentRegion = en;
			hasScannedForEncodings = 0;
			knownRegions = (
				en,
				Base,
			);
			mainGroup = BA5315792A4C1059003A0055;
			productRefGroup = BA5315832A4C1059003A0055 /* Products */;
			projectDirPath = "";
			projectRoot = "";
			targets = (
				BA5315812A4C1059003A0055 /* SteamDiscountsTracker */,
			);
		};
/* End PBXProject section */

/* Begin PBXResourcesBuildPhase section */
		BA5315802A4C1059003A0055 /* Resources */ = {
			isa = PBXResourcesBuildPhase;
			buildActionMask = 2147483647;
			files = (
				BA5315922A4C105C003A0055 /* LaunchScreen.storyboard in Resources */,
				BA53158F2A4C105C003A0055 /* Assets.xcassets in Resources */,
				BA53158D2A4C1059003A0055 /* Main.storyboard in Resources */,
			);
			runOnlyForDeploymentPostprocessing = 0;
		};
/* End PBXResourcesBuildPhase section */

/* Begin PBXSourcesBuildPhase section */
		BA53157E2A4C1059003A0055 /* Sources */ = {
			isa = PBXSourcesBuildPhase;
			buildActionMask = 2147483647;
			files = (
				BA53159E2A4C2157003A0055 /* GameInfoModel.swift in Sources */,
				BA53158A2A4C1059003A0055 /* ViewController.swift in Sources */,
				BA5315862A4C1059003A0055 /* AppDelegate.swift in Sources */,
				BA5315A02A4C2727003A0055 /* DataResponse.swift in Sources */,
				BA5315882A4C1059003A0055 /* SceneDelegate.swift in Sources */,
				BA53159C2A4C1F88003A0055 /* APICaller.swift in Sources */,
				BA53159A2A4C113A003A0055 /* GamesTableViewCell.swift in Sources */,
				BA5315A22A4C29D8003A0055 /* SteamGamesViewModel.swift in Sources */,
			);
			runOnlyForDeploymentPostprocessing = 0;
		};
/* End PBXSourcesBuildPhase section */

/* Begin PBXVariantGroup section */
		BA53158B2A4C1059003A0055 /* Main.storyboard */ = {
			isa = PBXVariantGroup;
			children = (
				BA53158C2A4C1059003A0055 /* Base */,
			);
			name = Main.storyboard;
			sourceTree = "<group>";
		};
		BA5315902A4C105C003A0055 /* LaunchScreen.storyboard */ = {
			isa = PBXVariantGroup;
			children = (
				BA5315912A4C105C003A0055 /* Base */,
			);
			name = LaunchScreen.storyboard;
			sourceTree = "<group>";
		};
/* End PBXVariantGroup section */

/* Begin XCBuildConfiguration section */
		BA5315942A4C105C003A0055 /* Debug */ = {
			isa = XCBuildConfiguration;
			buildSettings = {
				ALWAYS_SEARCH_USER_PATHS = NO;
				CLANG_ANALYZER_NONNULL = YES;
				CLANG_ANALYZER_NUMBER_OBJECT_CONVERSION = YES_AGGRESSIVE;
				CLANG_CXX_LANGUAGE_STANDARD = "gnu++20";
				CLANG_ENABLE_MODULES = YES;
				CLANG_ENABLE_OBJC_ARC = YES;
				CLANG_ENABLE_OBJC_WEAK = YES;
				CLANG_WARN_BLOCK_CAPTURE_AUTORELEASING = YES;
				CLANG_WARN_BOOL_CONVERSION = YES;
				CLANG_WARN_COMMA = YES;
				CLANG_WARN_CONSTANT_CONVERSION = YES;
				CLANG_WARN_DEPRECATED_OBJC_IMPLEMENTATIONS = YES;
				CLANG_WARN_DIRECT_OBJC_ISA_USAGE = YES_ERROR;
				CLANG_WARN_DOCUMENTATION_COMMENTS = YES;
				CLANG_WARN_EMPTY_BODY = YES;
				CLANG_WARN_ENUM_CONVERSION = YES;
				CLANG_WARN_INFINITE_RECURSION = YES;
				CLANG_WARN_INT_CONVERSION = YES;
				CLANG_WARN_NON_LITERAL_NULL_CONVERSION = YES;
				CLANG_WARN_OBJC_IMPLICIT_RETAIN_SELF = YES;
				CLANG_WARN_OBJC_LITERAL_CONVERSION = YES;
				CLANG_WARN_OBJC_ROOT_CLASS = YES_ERROR;
				CLANG_WARN_QUOTED_INCLUDE_IN_FRAMEWORK_HEADER = YES;
				CLANG_WARN_RANGE_LOOP_ANALYSIS = YES;
				CLANG_WARN_STRICT_PROTOTYPES = YES;
				CLANG_WARN_SUSPICIOUS_MOVE = YES;
				CLANG_WARN_UNGUARDED_AVAILABILITY = YES_AGGRESSIVE;
				CLANG_WARN_UNREACHABLE_CODE = YES;
				CLANG_WARN__DUPLICATE_METHOD_MATCH = YES;
				COPY_PHASE_STRIP = NO;
				DEBUG_INFORMATION_FORMAT = dwarf;
				ENABLE_STRICT_OBJC_MSGSEND = YES;
				ENABLE_TESTABILITY = YES;
				GCC_C_LANGUAGE_STANDARD = gnu11;
				GCC_DYNAMIC_NO_PIC = NO;
				GCC_NO_COMMON_BLOCKS = YES;
				GCC_OPTIMIZATION_LEVEL = 0;
				GCC_PREPROCESSOR_DEFINITIONS = (
					"DEBUG=1",
					"$(inherited)",
				);
				GCC_WARN_64_TO_32_BIT_CONVERSION = YES;
				GCC_WARN_ABOUT_RETURN_TYPE = YES_ERROR;
				GCC_WARN_UNDECLARED_SELECTOR = YES;
				GCC_WARN_UNINITIALIZED_AUTOS = YES_AGGRESSIVE;
				GCC_WARN_UNUSED_FUNCTION = YES;
				GCC_WARN_UNUSED_VARIABLE = YES;
				IPHONEOS_DEPLOYMENT_TARGET = 16.4;
				MTL_ENABLE_DEBUG_INFO = INCLUDE_SOURCE;
				MTL_FAST_MATH = YES;
				ONLY_ACTIVE_ARCH = YES;
				SDKROOT = iphoneos;
				SWIFT_ACTIVE_COMPILATION_CONDITIONS = DEBUG;
				SWIFT_OPTIMIZATION_LEVEL = "-Onone";
			};
			name = Debug;
		};
		BA5315952A4C105C003A0055 /* Release */ = {
			isa = XCBuildConfiguration;
			buildSettings = {
				ALWAYS_SEARCH_USER_PATHS = NO;
				CLANG_ANALYZER_NONNULL = YES;
				CLANG_ANALYZER_NUMBER_OBJECT_CONVERSION = YES_AGGRESSIVE;
				CLANG_CXX_LANGUAGE_STANDARD = "gnu++20";
				CLANG_ENABLE_MODULES = YES;
				CLANG_ENABLE_OBJC_ARC = YES;
				CLANG_ENABLE_OBJC_WEAK = YES;
				CLANG_WARN_BLOCK_CAPTURE_AUTORELEASING = YES;
				CLANG_WARN_BOOL_CONVERSION = YES;
				CLANG_WARN_COMMA = YES;
				CLANG_WARN_CONSTANT_CONVERSION = YES;
				CLANG_WARN_DEPRECATED_OBJC_IMPLEMENTATIONS = YES;
				CLANG_WARN_DIRECT_OBJC_ISA_USAGE = YES_ERROR;
				CLANG_WARN_DOCUMENTATION_COMMENTS = YES;
				CLANG_WARN_EMPTY_BODY = YES;
				CLANG_WARN_ENUM_CONVERSION = YES;
				CLANG_WARN_INFINITE_RECURSION = YES;
				CLANG_WARN_INT_CONVERSION = YES;
				CLANG_WARN_NON_LITERAL_NULL_CONVERSION = YES;
				CLANG_WARN_OBJC_IMPLICIT_RETAIN_SELF = YES;
				CLANG_WARN_OBJC_LITERAL_CONVERSION = YES;
				CLANG_WARN_OBJC_ROOT_CLASS = YES_ERROR;
				CLANG_WARN_QUOTED_INCLUDE_IN_FRAMEWORK_HEADER = YES;
				CLANG_WARN_RANGE_LOOP_ANALYSIS = YES;
				CLANG_WARN_STRICT_PROTOTYPES = YES;
				CLANG_WARN_SUSPICIOUS_MOVE = YES;
				CLANG_WARN_UNGUARDED_AVAILABILITY = YES_AGGRESSIVE;
				CLANG_WARN_UNREACHABLE_CODE = YES;
				CLANG_WARN__DUPLICATE_METHOD_MATCH = YES;
				COPY_PHASE_STRIP = NO;
				DEBUG_INFORMATION_FORMAT = "dwarf-with-dsym";
				ENABLE_NS_ASSERTIONS = NO;
				ENABLE_STRICT_OBJC_MSGSEND = YES;
				GCC_C_LANGUAGE_STANDARD = gnu11;
				GCC_NO_COMMON_BLOCKS = YES;
				GCC_WARN_64_TO_32_BIT_CONVERSION = YES;
				GCC_WARN_ABOUT_RETURN_TYPE = YES_ERROR;
				GCC_WARN_UNDECLARED_SELECTOR = YES;
				GCC_WARN_UNINITIALIZED_AUTOS = YES_AGGRESSIVE;
				GCC_WARN_UNUSED_FUNCTION = YES;
				GCC_WARN_UNUSED_VARIABLE = YES;
				IPHONEOS_DEPLOYMENT_TARGET = 16.4;
				MTL_ENABLE_DEBUG_INFO = NO;
				MTL_FAST_MATH = YES;
				SDKROOT = iphoneos;
				SWIFT_COMPILATION_MODE = wholemodule;
				SWIFT_OPTIMIZATION_LEVEL = "-O";
				VALIDATE_PRODUCT = YES;
			};
			name = Release;
		};
		BA5315972A4C105C003A0055 /* Debug */ = {
			isa = XCBuildConfiguration;
			buildSettings = {
				ASSETCATALOG_COMPILER_APPICON_NAME = AppIcon;
				ASSETCATALOG_COMPILER_GLOBAL_ACCENT_COLOR_NAME = AccentColor;
				CODE_SIGN_STYLE = Automatic;
				CURRENT_PROJECT_VERSION = 1;
				GENERATE_INFOPLIST_FILE = YES;
				INFOPLIST_FILE = SteamDiscountsTracker/Info.plist;
				INFOPLIST_KEY_UIApplicationSupportsIndirectInputEvents = YES;
				INFOPLIST_KEY_UILaunchStoryboardName = LaunchScreen;
				INFOPLIST_KEY_UIMainStoryboardFile = Main;
				INFOPLIST_KEY_UISupportedInterfaceOrientations_iPad = "UIInterfaceOrientationPortrait UIInterfaceOrientationPortraitUpsideDown UIInterfaceOrientationLandscapeLeft UIInterfaceOrientationLandscapeRight";
				INFOPLIST_KEY_UISupportedInterfaceOrientations_iPhone = "UIInterfaceOrientationPortrait UIInterfaceOrientationLandscapeLeft UIInterfaceOrientationLandscapeRight";
				LD_RUNPATH_SEARCH_PATHS = (
					"$(inherited)",
					"@executable_path/Frameworks",
				);
				MARKETING_VERSION = 1.0;
				PRODUCT_BUNDLE_IDENTIFIER = com.nazar.SteamDiscountsTracker;
				PRODUCT_NAME = "$(TARGET_NAME)";
				SWIFT_EMIT_LOC_STRINGS = YES;
				SWIFT_VERSION = 5.0;
				TARGETED_DEVICE_FAMILY = "1,2";
			};
			name = Debug;
		};
		BA5315982A4C105C003A0055 /* Release */ = {
			isa = XCBuildConfiguration;
			buildSettings = {
				ASSETCATALOG_COMPILER_APPICON_NAME = AppIcon;
				ASSETCATALOG_COMPILER_GLOBAL_ACCENT_COLOR_NAME = AccentColor;
				CODE_SIGN_STYLE = Automatic;
				CURRENT_PROJECT_VERSION = 1;
				GENERATE_INFOPLIST_FILE = YES;
				INFOPLIST_FILE = SteamDiscountsTracker/Info.plist;
				INFOPLIST_KEY_UIApplicationSupportsIndirectInputEvents = YES;
				INFOPLIST_KEY_UILaunchStoryboardName = LaunchScreen;
				INFOPLIST_KEY_UIMainStoryboardFile = Main;
				INFOPLIST_KEY_UISupportedInterfaceOrientations_iPad = "UIInterfaceOrientationPortrait UIInterfaceOrientationPortraitUpsideDown UIInterfaceOrientationLandscapeLeft UIInterfaceOrientationLandscapeRight";
				INFOPLIST_KEY_UISupportedInterfaceOrientations_iPhone = "UIInterfaceOrientationPortrait UIInterfaceOrientationLandscapeLeft UIInterfaceOrientationLandscapeRight";
				LD_RUNPATH_SEARCH_PATHS = (
					"$(inherited)",
					"@executable_path/Frameworks",
				);
				MARKETING_VERSION = 1.0;
				PRODUCT_BUNDLE_IDENTIFIER = com.nazar.SteamDiscountsTracker;
				PRODUCT_NAME = "$(TARGET_NAME)";
				SWIFT_EMIT_LOC_STRINGS = YES;
				SWIFT_VERSION = 5.0;
				TARGETED_DEVICE_FAMILY = "1,2";
			};
			name = Release;
		};
/* End XCBuildConfiguration section */

/* Begin XCConfigurationList section */
		BA53157D2A4C1059003A0055 /* Build configuration list for PBXProject "SteamDiscountsTracker" */ = {
			isa = XCConfigurationList;
			buildConfigurations = (
				BA5315942A4C105C003A0055 /* Debug */,
				BA5315952A4C105C003A0055 /* Release */,
			);
			defaultConfigurationIsVisible = 0;
			defaultConfigurationName = Release;
		};
		BA5315962A4C105C003A0055 /* Build configuration list for PBXNativeTarget "SteamDiscountsTracker" */ = {
			isa = XCConfigurationList;
			buildConfigurations = (
				BA5315972A4C105C003A0055 /* Debug */,
				BA5315982A4C105C003A0055 /* Release */,
			);
			defaultConfigurationIsVisible = 0;
			defaultConfigurationName = Release;
		};
/* End XCConfigurationList section */
	};
	rootObject = BA53157A2A4C1059003A0055 /* Project object */;
}
